
Microsoft Visual Studio Solution File, Format Version 12.00
# Visual Studio Version 16
VisualStudioVersion = 16.0.31729.503
MinimumVisualStudioVersion = 10.0.40219.1
Project("{FAE04EC0-301F-11D3-BF4B-00C04F79EFBC}") = "Tuldok.SteamBackup", "Tuldok.SteamBackup\Tuldok.SteamBackup.csproj", "{7D8BA6BF-154F-497A-AD71-7DFA869F4AAF}"
EndProject
Project("{FAE04EC0-301F-11D3-BF4B-00C04F79EFBC}") = "Tuldok.SteamBackup.Lib", "Tuldok.SteamBackup.Lib\Tuldok.SteamBackup.Lib.csproj", "{092207E6-A084-47B1-B34B-5CE163CEAB69}"
EndProject
Global
	GlobalSection(SolutionConfigurationPlatforms) = preSolution
		Debug|Any CPU = Debug|Any CPU
		Release|Any CPU = Release|Any CPU
	EndGlobalSection
	GlobalSection(ProjectConfigurationPlatforms) = postSolution
		{7D8BA6BF-154F-497A-AD71-7DFA869F4AAF}.Debug|Any CPU.ActiveCfg = Debug|Any CPU
		{7D8BA6BF-154F-497A-AD71-7DFA869F4AAF}.Debug|Any CPU.Build.0 = Debug|Any CPU
		{7D8BA6BF-154F-497A-AD71-7DFA869F4AAF}.Release|Any CPU.ActiveCfg = Release|Any CPU
		{7D8BA6BF-154F-497A-AD71-7DFA869F4AAF}.Release|Any CPU.Build.0 = Release|Any CPU
		{092207E6-A084-47B1-B34B-5CE163CEAB69}.Debug|Any CPU.ActiveCfg = Debug|Any CPU
		{092207E6-A084-47B1-B34B-5CE163CEAB69}.Debug|Any CPU.Build.0 = Debug|Any CPU
		{092207E6-A084-47B1-B34B-5CE163CEAB69}.Release|Any CPU.ActiveCfg = Release|Any CPU
		{092207E6-A084-47B1-B34B-5CE163CEAB69}.Release|Any CPU.Build.0 = Release|Any CPU
	EndGlobalSection
	GlobalSection(SolutionProperties) = preSolution
		HideSolutionNode = FALSE
	EndGlobalSection
	GlobalSection(ExtensibilityGlobals) = postSolution
		SolutionGuid = {FB904545-8361-4890-A0E5-09F313B68F1E}
	EndGlobalSection
EndGlobal
